{
  "name": "test_node",
  "version": "0.0.0",
  "lockfileVersion": 3,
  "requires": true,
  "packages": {
    "": {
      "name": "test_node",
      "version": "0.0.0",
      "license": "ISC",
      "dependencies": {
        "whimy": "file:../build"
      }
    },
    "../build": {},
    "node_modules/whimy": {
      "resolved": "../build",
      "link": true
    }
  }
}
