# This file is generated by running "yarn install" inside your project.
# Manual changes might be lost - proceed with caution!

__metadata:
  version: 6
  cacheKey: 8

"@napi-rs/cli@npm:^2.16.3":
  version: 2.16.3
  resolution: "@napi-rs/cli@npm:2.16.3"
  bin:
    napi: scripts/index.js
  checksum: 11f78b09548bc5c22df56e4fab4a87b68c2d3f2a18a55cf11e775e6a4cb5739ec0e21a14e614db2cdc2b9773cb42536c6bd00c3f85d3b461f956594f8a89ddcb
  languageName: node
  linkType: hard

"whimy@workspace:.":
  version: 0.0.0-use.local
  resolution: "whimy@workspace:."
  dependencies:
    "@napi-rs/cli": ^2.16.3
  languageName: unknown
  linkType: soft
