{
  "name": "examples",
  "version": "0.0.1",
  "lockfileVersion": 3,
  "requires": true,
  "packages": {
    "": {
      "name": "examples",
      "version": "0.0.1",
      "license": "ISC",
      "dependencies": {
        "whimy": "file:.."
      }
    },
    "..": {
      "version": "0.0.1",
      "license": "MIT",
      "os": [
        "win32"
      ],
      "devDependencies": {
        "@napi-rs/cli": "^2.16.2",
        "ava": "^5.1.1"
      },
      "engines": {
        "node": ">= 10"
      }
    },
    "node_modules/whimy": {
      "resolved": "..",
      "link": true
    }
  }
}
